
Microsoft Visual Studio Solution File, Format Version 12.00
# Visual Studio Version 17
VisualStudioVersion = 17.14.36429.23
MinimumVisualStudioVersion = 10.0.40219.1
Project("{FAE04EC0-301F-11D3-BF4B-00C04F79EFBC}") = "StudentManagementBusinessObject", "StudentManagementBusinessObject\StudentManagementBusinessObject.csproj", "{F8252056-F619-4364-B343-34880057ED92}"
EndProject
Project("{FAE04EC0-301F-11D3-BF4B-00C04F79EFBC}") = "TestDb", "TestDb\TestDb.csproj", "{10517D4D-3396-4F2B-B0FC-3794C1483138}"
EndProject
Project("{FAE04EC0-301F-11D3-BF4B-00C04F79EFBC}") = "OnlineEduTaskDAO", "OnlineEduTaskDAO\OnlineEduTaskDAO.csproj", "{C7506E56-10B6-4091-88DF-9F88D30FEBBB}"
EndProject
Project("{FAE04EC0-301F-11D3-BF4B-00C04F79EFBC}") = "OnlineEduTaskRepository", "OnlineEduTaskRepository\OnlineEduTaskRepository.csproj", "{B67CB4C4-2E42-4130-B382-2341ED5F3847}"
EndProject
Project("{FAE04EC0-301F-11D3-BF4B-00C04F79EFBC}") = "OnlineEduTaskServices", "OnlineEduTaskServices\OnlineEduTaskServices.csproj", "{97C49C05-DF6F-41BB-9609-74F5B04DBFFC}"
EndProject
Project("{FAE04EC0-301F-11D3-BF4B-00C04F79EFBC}") = "OnlineEduTaskWPF", "OnlineEduTaskWPF\OnlineEduTaskWPF.csproj", "{A3245F15-BF4F-4840-A26F-C88E4D978683}"
EndProject
Global
	GlobalSection(SolutionConfigurationPlatforms) = preSolution
		Debug|Any CPU = Debug|Any CPU
		Release|Any CPU = Release|Any CPU
	EndGlobalSection
	GlobalSection(ProjectConfigurationPlatforms) = postSolution
		{F8252056-F619-4364-B343-34880057ED92}.Debug|Any CPU.ActiveCfg = Debug|Any CPU
		{F8252056-F619-4364-B343-34880057ED92}.Debug|Any CPU.Build.0 = Debug|Any CPU
		{F8252056-F619-4364-B343-34880057ED92}.Release|Any CPU.ActiveCfg = Release|Any CPU
		{F8252056-F619-4364-B343-34880057ED92}.Release|Any CPU.Build.0 = Release|Any CPU
		{10517D4D-3396-4F2B-B0FC-3794C1483138}.Debug|Any CPU.ActiveCfg = Debug|Any CPU
		{10517D4D-3396-4F2B-B0FC-3794C1483138}.Debug|Any CPU.Build.0 = Debug|Any CPU
		{10517D4D-3396-4F2B-B0FC-3794C1483138}.Release|Any CPU.ActiveCfg = Release|Any CPU
		{10517D4D-3396-4F2B-B0FC-3794C1483138}.Release|Any CPU.Build.0 = Release|Any CPU
		{C7506E56-10B6-4091-88DF-9F88D30FEBBB}.Debug|Any CPU.ActiveCfg = Debug|Any CPU
		{C7506E56-10B6-4091-88DF-9F88D30FEBBB}.Debug|Any CPU.Build.0 = Debug|Any CPU
		{C7506E56-10B6-4091-88DF-9F88D30FEBBB}.Release|Any CPU.ActiveCfg = Release|Any CPU
		{C7506E56-10B6-4091-88DF-9F88D30FEBBB}.Release|Any CPU.Build.0 = Release|Any CPU
		{B67CB4C4-2E42-4130-B382-2341ED5F3847}.Debug|Any CPU.ActiveCfg = Debug|Any CPU
		{B67CB4C4-2E42-4130-B382-2341ED5F3847}.Debug|Any CPU.Build.0 = Debug|Any CPU
		{B67CB4C4-2E42-4130-B382-2341ED5F3847}.Release|Any CPU.ActiveCfg = Release|Any CPU
		{B67CB4C4-2E42-4130-B382-2341ED5F3847}.Release|Any CPU.Build.0 = Release|Any CPU
		{97C49C05-DF6F-41BB-9609-74F5B04DBFFC}.Debug|Any CPU.ActiveCfg = Debug|Any CPU
		{97C49C05-DF6F-41BB-9609-74F5B04DBFFC}.Debug|Any CPU.Build.0 = Debug|Any CPU
		{97C49C05-DF6F-41BB-9609-74F5B04DBFFC}.Release|Any CPU.ActiveCfg = Release|Any CPU
		{97C49C05-DF6F-41BB-9609-74F5B04DBFFC}.Release|Any CPU.Build.0 = Release|Any CPU
		{A3245F15-BF4F-4840-A26F-C88E4D978683}.Debug|Any CPU.ActiveCfg = Debug|Any CPU
		{A3245F15-BF4F-4840-A26F-C88E4D978683}.Debug|Any CPU.Build.0 = Debug|Any CPU
		{A3245F15-BF4F-4840-A26F-C88E4D978683}.Release|Any CPU.ActiveCfg = Release|Any CPU
		{A3245F15-BF4F-4840-A26F-C88E4D978683}.Release|Any CPU.Build.0 = Release|Any CPU
	EndGlobalSection
	GlobalSection(SolutionProperties) = preSolution
		HideSolutionNode = FALSE
	EndGlobalSection
	GlobalSection(ExtensibilityGlobals) = postSolution
		SolutionGuid = {81BAE552-2F25-4D28-A6B8-5D6ADFAEF71A}
	EndGlobalSection
EndGlobal
